// !$*UTF8*$!
{
	archiveVersion = 1;
	classes = {
	};
	objectVersion = 56;
	objects = {

/* Begin PBXBuildFile section */
		0772D8C02974391600E26F99 /* FilterCell.swift in Sources */ = {isa = PBXBuildFile; fileRef = 0772D8BE2974391600E26F99 /* FilterCell.swift */; };
		0772D8C12974391600E26F99 /* FilterCell.xib in Resources */ = {isa = PBXBuildFile; fileRef = 0772D8BF2974391600E26F99 /* FilterCell.xib */; };
		0772D8C329745B9000E26F99 /* FilterViewModel.swift in Sources */ = {isa = PBXBuildFile; fileRef = 0772D8C229745B9000E26F99 /* FilterViewModel.swift */; };
		0772D8C529746D8500E26F99 /* CarScreenSection.swift in Sources */ = {isa = PBXBuildFile; fileRef = 0772D8C429746D8500E26F99 /* CarScreenSection.swift */; };
		0772D8C829757EDC00E26F99 /* RealmSwift in Frameworks */ = {isa = PBXBuildFile; productRef = 0772D8C729757EDC00E26F99 /* RealmSwift */; };
		0772D8CB2975805A00E26F99 /* CarEntity.swift in Sources */ = {isa = PBXBuildFile; fileRef = 0772D8CA2975805A00E26F99 /* CarEntity.swift */; };
		0772D8CE2975835500E26F99 /* Persistable.swift in Sources */ = {isa = PBXBuildFile; fileRef = 0772D8CD2975835500E26F99 /* Persistable.swift */; };
		0772D8D0297584BC00E26F99 /* WriteTransaction.swift in Sources */ = {isa = PBXBuildFile; fileRef = 0772D8CF297584BC00E26F99 /* WriteTransaction.swift */; };
		0772D8D2297584F400E26F99 /* Container.swift in Sources */ = {isa = PBXBuildFile; fileRef = 0772D8D1297584F400E26F99 /* Container.swift */; };
		07C9D8212972FA6400651A9C /* CarsViewModel.swift in Sources */ = {isa = PBXBuildFile; fileRef = 07C9D8202972FA6400651A9C /* CarsViewModel.swift */; };
		07C9D8232972FAB400651A9C /* CarViewModel.swift in Sources */ = {isa = PBXBuildFile; fileRef = 07C9D8222972FAB400651A9C /* CarViewModel.swift */; };
		07C9D8252973229200651A9C /* UIColor+extensions.swift in Sources */ = {isa = PBXBuildFile; fileRef = 07C9D8242973229200651A9C /* UIColor+extensions.swift */; };
		07C9D82929732E8900651A9C /* car_list.json in Resources */ = {isa = PBXBuildFile; fileRef = 07C9D82829732E8900651A9C /* car_list.json */; };
		07C9D82C29732F4C00651A9C /* CarService.swift in Sources */ = {isa = PBXBuildFile; fileRef = 07C9D82B29732F4C00651A9C /* CarService.swift */; };
		07C9D82E29732FD800651A9C /* ServiceProtocol.swift in Sources */ = {isa = PBXBuildFile; fileRef = 07C9D82D29732FD800651A9C /* ServiceProtocol.swift */; };
		07C9D8312973310500651A9C /* Car.swift in Sources */ = {isa = PBXBuildFile; fileRef = 07C9D8302973310500651A9C /* Car.swift */; };
		07C9D8342973590B00651A9C /* BulletView.swift in Sources */ = {isa = PBXBuildFile; fileRef = 07C9D8332973590B00651A9C /* BulletView.swift */; };
		07C9D8362973591B00651A9C /* BulletView.xib in Resources */ = {isa = PBXBuildFile; fileRef = 07C9D8352973591B00651A9C /* BulletView.xib */; };
		07F3C7292972DE2B00C51D4D /* AppDelegate.swift in Sources */ = {isa = PBXBuildFile; fileRef = 07F3C7282972DE2B00C51D4D /* AppDelegate.swift */; };
		07F3C72B2972DE2B00C51D4D /* SceneDelegate.swift in Sources */ = {isa = PBXBuildFile; fileRef = 07F3C72A2972DE2B00C51D4D /* SceneDelegate.swift */; };
		07F3C72D2972DE2B00C51D4D /* CarsViewController.swift in Sources */ = {isa = PBXBuildFile; fileRef = 07F3C72C2972DE2B00C51D4D /* CarsViewController.swift */; };
		07F3C7302972DE2B00C51D4D /* Main.storyboard in Resources */ = {isa = PBXBuildFile; fileRef = 07F3C72E2972DE2B00C51D4D /* Main.storyboard */; };
		07F3C7322972DE2D00C51D4D /* Assets.xcassets in Resources */ = {isa = PBXBuildFile; fileRef = 07F3C7312972DE2D00C51D4D /* Assets.xcassets */; };
		07F3C7352972DE2D00C51D4D /* LaunchScreen.storyboard in Resources */ = {isa = PBXBuildFile; fileRef = 07F3C7332972DE2D00C51D4D /* LaunchScreen.storyboard */; };
		07F3C7402972DE2D00C51D4D /* GuidomiaTests.swift in Sources */ = {isa = PBXBuildFile; fileRef = 07F3C73F2972DE2D00C51D4D /* GuidomiaTests.swift */; };
		07F3C74A2972DE2E00C51D4D /* GuidomiaUITests.swift in Sources */ = {isa = PBXBuildFile; fileRef = 07F3C7492972DE2E00C51D4D /* GuidomiaUITests.swift */; };
		07F3C74C2972DE2E00C51D4D /* GuidomiaUITestsLaunchTests.swift in Sources */ = {isa = PBXBuildFile; fileRef = 07F3C74B2972DE2E00C51D4D /* GuidomiaUITestsLaunchTests.swift */; };
		07F3C75C2972E84700C51D4D /* ThumbnailTableCell.swift in Sources */ = {isa = PBXBuildFile; fileRef = 07F3C75A2972E84700C51D4D /* ThumbnailTableCell.swift */; };
		07F3C75D2972E84700C51D4D /* ThumbnailTableCell.xib in Resources */ = {isa = PBXBuildFile; fileRef = 07F3C75B2972E84700C51D4D /* ThumbnailTableCell.xib */; };
		07F3C7602972EC4200C51D4D /* UITableViewCell+Extension.swift in Sources */ = {isa = PBXBuildFile; fileRef = 07F3C75F2972EC4200C51D4D /* UITableViewCell+Extension.swift */; };
		07F3C7622972ED1500C51D4D /* UITableView+extension.swift in Sources */ = {isa = PBXBuildFile; fileRef = 07F3C7612972ED1400C51D4D /* UITableView+extension.swift */; };
		07F3C7672972F3EC00C51D4D /* CarTableCell.swift in Sources */ = {isa = PBXBuildFile; fileRef = 07F3C7652972F3EC00C51D4D /* CarTableCell.swift */; };
		07F3C7682972F3EC00C51D4D /* CarTableCell.xib in Resources */ = {isa = PBXBuildFile; fileRef = 07F3C7662972F3EC00C51D4D /* CarTableCell.xib */; };
/* End PBXBuildFile section */

/* Begin PBXContainerItemProxy section */
		07F3C73C2972DE2D00C51D4D /* PBXContainerItemProxy */ = {
			isa = PBXContainerItemProxy;
			containerPortal = 07F3C71D2972DE2B00C51D4D /* Project object */;
			proxyType = 1;
			remoteGlobalIDString = 07F3C7242972DE2B00C51D4D;
			remoteInfo = Guidomia;
		};
		07F3C7462972DE2D00C51D4D /* PBXContainerItemProxy */ = {
			isa = PBXContainerItemProxy;
			containerPortal = 07F3C71D2972DE2B00C51D4D /* Project object */;
			proxyType = 1;
			remoteGlobalIDString = 07F3C7242972DE2B00C51D4D;
			remoteInfo = Guidomia;
		};
/* End PBXContainerItemProxy section */

/* Begin PBXFileReference section */
		0772D8BE2974391600E26F99 /* FilterCell.swift */ = {isa = PBXFileReference; lastKnownFileType = sourcecode.swift; path = FilterCell.swift; sourceTree = "<group>"; };
		0772D8BF2974391600E26F99 /* FilterCell.xib */ = {isa = PBXFileReference; lastKnownFileType = file.xib; path = FilterCell.xib; sourceTree = "<group>"; };
		0772D8C229745B9000E26F99 /* FilterViewModel.swift */ = {isa = PBXFileReference; lastKnownFileType = sourcecode.swift; path = FilterViewModel.swift; sourceTree = "<group>"; };
		0772D8C429746D8500E26F99 /* CarScreenSection.swift */ = {isa = PBXFileReference; lastKnownFileType = sourcecode.swift; path = CarScreenSection.swift; sourceTree = "<group>"; };
		0772D8CA2975805A00E26F99 /* CarEntity.swift */ = {isa = PBXFileReference; lastKnownFileType = sourcecode.swift; path = CarEntity.swift; sourceTree = "<group>"; };
		0772D8CD2975835500E26F99 /* Persistable.swift */ = {isa = PBXFileReference; lastKnownFileType = sourcecode.swift; path = Persistable.swift; sourceTree = "<group>"; };
		0772D8CF297584BC00E26F99 /* WriteTransaction.swift */ = {isa = PBXFileReference; lastKnownFileType = sourcecode.swift; path = WriteTransaction.swift; sourceTree = "<group>"; };
		0772D8D1297584F400E26F99 /* Container.swift */ = {isa = PBXFileReference; lastKnownFileType = sourcecode.swift; path = Container.swift; sourceTree = "<group>"; };
		07C9D8202972FA6400651A9C /* CarsViewModel.swift */ = {isa = PBXFileReference; lastKnownFileType = sourcecode.swift; path = CarsViewModel.swift; sourceTree = "<group>"; };
		07C9D8222972FAB400651A9C /* CarViewModel.swift */ = {isa = PBXFileReference; lastKnownFileType = sourcecode.swift; path = CarViewModel.swift; sourceTree = "<group>"; };
		07C9D8242973229200651A9C /* UIColor+extensions.swift */ = {isa = PBXFileReference; lastKnownFileType = sourcecode.swift; path = "UIColor+extensions.swift"; sourceTree = "<group>"; };
		07C9D82829732E8900651A9C /* car_list.json */ = {isa = PBXFileReference; fileEncoding = 4; lastKnownFileType = text.json; path = car_list.json; sourceTree = "<group>"; };
		07C9D82B29732F4C00651A9C /* CarService.swift */ = {isa = PBXFileReference; lastKnownFileType = sourcecode.swift; path = CarService.swift; sourceTree = "<group>"; };
		07C9D82D29732FD800651A9C /* ServiceProtocol.swift */ = {isa = PBXFileReference; lastKnownFileType = sourcecode.swift; path = ServiceProtocol.swift; sourceTree = "<group>"; };
		07C9D8302973310500651A9C /* Car.swift */ = {isa = PBXFileReference; lastKnownFileType = sourcecode.swift; path = Car.swift; sourceTree = "<group>"; };
		07C9D8332973590B00651A9C /* BulletView.swift */ = {isa = PBXFileReference; lastKnownFileType = sourcecode.swift; path = BulletView.swift; sourceTree = "<group>"; };
		07C9D8352973591B00651A9C /* BulletView.xib */ = {isa = PBXFileReference; lastKnownFileType = file.xib; path = BulletView.xib; sourceTree = "<group>"; };
		07F3C7252972DE2B00C51D4D /* Guidomia.app */ = {isa = PBXFileReference; explicitFileType = wrapper.application; includeInIndex = 0; path = Guidomia.app; sourceTree = BUILT_PRODUCTS_DIR; };
		07F3C7282972DE2B00C51D4D /* AppDelegate.swift */ = {isa = PBXFileReference; lastKnownFileType = sourcecode.swift; path = AppDelegate.swift; sourceTree = "<group>"; };
		07F3C72A2972DE2B00C51D4D /* SceneDelegate.swift */ = {isa = PBXFileReference; lastKnownFileType = sourcecode.swift; path = SceneDelegate.swift; sourceTree = "<group>"; };
		07F3C72C2972DE2B00C51D4D /* CarsViewController.swift */ = {isa = PBXFileReference; lastKnownFileType = sourcecode.swift; path = CarsViewController.swift; sourceTree = "<group>"; };
		07F3C72F2972DE2B00C51D4D /* Base */ = {isa = PBXFileReference; lastKnownFileType = file.storyboard; name = Base; path = Base.lproj/Main.storyboard; sourceTree = "<group>"; };
		07F3C7312972DE2D00C51D4D /* Assets.xcassets */ = {isa = PBXFileReference; lastKnownFileType = folder.assetcatalog; path = Assets.xcassets; sourceTree = "<group>"; };
		07F3C7342972DE2D00C51D4D /* Base */ = {isa = PBXFileReference; lastKnownFileType = file.storyboard; name = Base; path = Base.lproj/LaunchScreen.storyboard; sourceTree = "<group>"; };
		07F3C7362972DE2D00C51D4D /* Info.plist */ = {isa = PBXFileReference; lastKnownFileType = text.plist.xml; path = Info.plist; sourceTree = "<group>"; };
		07F3C73B2972DE2D00C51D4D /* GuidomiaTests.xctest */ = {isa = PBXFileReference; explicitFileType = wrapper.cfbundle; includeInIndex = 0; path = GuidomiaTests.xctest; sourceTree = BUILT_PRODUCTS_DIR; };
		07F3C73F2972DE2D00C51D4D /* GuidomiaTests.swift */ = {isa = PBXFileReference; lastKnownFileType = sourcecode.swift; path = GuidomiaTests.swift; sourceTree = "<group>"; };
		07F3C7452972DE2D00C51D4D /* GuidomiaUITests.xctest */ = {isa = PBXFileReference; explicitFileType = wrapper.cfbundle; includeInIndex = 0; path = GuidomiaUITests.xctest; sourceTree = BUILT_PRODUCTS_DIR; };
		07F3C7492972DE2E00C51D4D /* GuidomiaUITests.swift */ = {isa = PBXFileReference; lastKnownFileType = sourcecode.swift; path = GuidomiaUITests.swift; sourceTree = "<group>"; };
		07F3C74B2972DE2E00C51D4D /* GuidomiaUITestsLaunchTests.swift */ = {isa = PBXFileReference; lastKnownFileType = sourcecode.swift; path = GuidomiaUITestsLaunchTests.swift; sourceTree = "<group>"; };
		07F3C75A2972E84700C51D4D /* ThumbnailTableCell.swift */ = {isa = PBXFileReference; lastKnownFileType = sourcecode.swift; path = ThumbnailTableCell.swift; sourceTree = "<group>"; };
		07F3C75B2972E84700C51D4D /* ThumbnailTableCell.xib */ = {isa = PBXFileReference; lastKnownFileType = file.xib; path = ThumbnailTableCell.xib; sourceTree = "<group>"; };
		07F3C75F2972EC4200C51D4D /* UITableViewCell+Extension.swift */ = {isa = PBXFileReference; lastKnownFileType = sourcecode.swift; path = "UITableViewCell+Extension.swift"; sourceTree = "<group>"; };
		07F3C7612972ED1400C51D4D /* UITableView+extension.swift */ = {isa = PBXFileReference; lastKnownFileType = sourcecode.swift; path = "UITableView+extension.swift"; sourceTree = "<group>"; };
		07F3C7652972F3EC00C51D4D /* CarTableCell.swift */ = {isa = PBXFileReference; lastKnownFileType = sourcecode.swift; path = CarTableCell.swift; sourceTree = "<group>"; };
		07F3C7662972F3EC00C51D4D /* CarTableCell.xib */ = {isa = PBXFileReference; lastKnownFileType = file.xib; path = CarTableCell.xib; sourceTree = "<group>"; };
/* End PBXFileReference section */

/* Begin PBXFrameworksBuildPhase section */
		07F3C7222972DE2B00C51D4D /* Frameworks */ = {
			isa = PBXFrameworksBuildPhase;
			buildActionMask = 2147483647;
			files = (
				0772D8C829757EDC00E26F99 /* RealmSwift in Frameworks */,
			);
			runOnlyForDeploymentPostprocessing = 0;
		};
		07F3C7382972DE2D00C51D4D /* Frameworks */ = {
			isa = PBXFrameworksBuildPhase;
			buildActionMask = 2147483647;
			files = (
			);
			runOnlyForDeploymentPostprocessing = 0;
		};
		07F3C7422972DE2D00C51D4D /* Frameworks */ = {
			isa = PBXFrameworksBuildPhase;
			buildActionMask = 2147483647;
			files = (
			);
			runOnlyForDeploymentPostprocessing = 0;
		};
/* End PBXFrameworksBuildPhase section */

/* Begin PBXGroup section */
		0772D8BD297438FE00E26F99 /* filter */ = {
			isa = PBXGroup;
			children = (
				0772D8BE2974391600E26F99 /* FilterCell.swift */,
				0772D8BF2974391600E26F99 /* FilterCell.xib */,
			);
			path = filter;
			sourceTree = "<group>";
		};
		0772D8C92975802800E26F99 /* entities */ = {
			isa = PBXGroup;
			children = (
				0772D8CA2975805A00E26F99 /* CarEntity.swift */,
			);
			path = entities;
			sourceTree = "<group>";
		};
		0772D8CC2975833200E26F99 /* repo */ = {
			isa = PBXGroup;
			children = (
				0772D8CD2975835500E26F99 /* Persistable.swift */,
				0772D8CF297584BC00E26F99 /* WriteTransaction.swift */,
				0772D8D1297584F400E26F99 /* Container.swift */,
			);
			path = repo;
			sourceTree = "<group>";
		};
		07C9D81E2972F9E100651A9C /* controllers */ = {
			isa = PBXGroup;
			children = (
				07F3C72C2972DE2B00C51D4D /* CarsViewController.swift */,
			);
			path = controllers;
			sourceTree = "<group>";
		};
		07C9D81F2972FA3200651A9C /* viewModels */ = {
			isa = PBXGroup;
			children = (
				07C9D8202972FA6400651A9C /* CarsViewModel.swift */,
				07C9D8222972FAB400651A9C /* CarViewModel.swift */,
				0772D8C229745B9000E26F99 /* FilterViewModel.swift */,
			);
			path = viewModels;
			sourceTree = "<group>";
		};
		07C9D82629732E4100651A9C /* resources */ = {
			isa = PBXGroup;
			children = (
				07C9D82729732E6800651A9C /* json */,
				07F3C7362972DE2D00C51D4D /* Info.plist */,
			);
			path = resources;
			sourceTree = "<group>";
		};
		07C9D82729732E6800651A9C /* json */ = {
			isa = PBXGroup;
			children = (
				07C9D82829732E8900651A9C /* car_list.json */,
			);
			path = json;
			sourceTree = "<group>";
		};
		07C9D82A29732F2A00651A9C /* services */ = {
			isa = PBXGroup;
			children = (
				0772D8CC2975833200E26F99 /* repo */,
				07C9D82B29732F4C00651A9C /* CarService.swift */,
				07C9D82D29732FD800651A9C /* ServiceProtocol.swift */,
			);
			path = services;
			sourceTree = "<group>";
		};
		07C9D82F297330AC00651A9C /* models */ = {
			isa = PBXGroup;
			children = (
				0772D8C92975802800E26F99 /* entities */,
				07C9D8302973310500651A9C /* Car.swift */,
				0772D8C429746D8500E26F99 /* CarScreenSection.swift */,
			);
			path = models;
			sourceTree = "<group>";
		};
		07C9D832297358EA00651A9C /* bullet */ = {
			isa = PBXGroup;
			children = (
				07C9D8332973590B00651A9C /* BulletView.swift */,
				07C9D8352973591B00651A9C /* BulletView.xib */,
			);
			path = bullet;
			sourceTree = "<group>";
		};
		07F3C71C2972DE2B00C51D4D = {
			isa = PBXGroup;
			children = (
				07F3C7272972DE2B00C51D4D /* Guidomia */,
				07F3C73E2972DE2D00C51D4D /* GuidomiaTests */,
				07F3C7482972DE2E00C51D4D /* GuidomiaUITests */,
				07F3C7262972DE2B00C51D4D /* Products */,
			);
			sourceTree = "<group>";
		};
		07F3C7262972DE2B00C51D4D /* Products */ = {
			isa = PBXGroup;
			children = (
				07F3C7252972DE2B00C51D4D /* Guidomia.app */,
				07F3C73B2972DE2D00C51D4D /* GuidomiaTests.xctest */,
				07F3C7452972DE2D00C51D4D /* GuidomiaUITests.xctest */,
			);
			name = Products;
			sourceTree = "<group>";
		};
		07F3C7272972DE2B00C51D4D /* Guidomia */ = {
			isa = PBXGroup;
			children = (
				07C9D82F297330AC00651A9C /* models */,
				07C9D82A29732F2A00651A9C /* services */,
				07F3C7282972DE2B00C51D4D /* AppDelegate.swift */,
				07F3C72A2972DE2B00C51D4D /* SceneDelegate.swift */,
				07F3C7312972DE2D00C51D4D /* Assets.xcassets */,
				07C9D81E2972F9E100651A9C /* controllers */,
				07F3C75E2972EC2D00C51D4D /* extensions */,
				07F3C7332972DE2D00C51D4D /* LaunchScreen.storyboard */,
				07F3C72E2972DE2B00C51D4D /* Main.storyboard */,
				07C9D82629732E4100651A9C /* resources */,
				07C9D81F2972FA3200651A9C /* viewModels */,
				07F3C7582972E7FA00C51D4D /* views */,
			);
			path = Guidomia;
			sourceTree = "<group>";
		};
		07F3C73E2972DE2D00C51D4D /* GuidomiaTests */ = {
			isa = PBXGroup;
			children = (
				07F3C73F2972DE2D00C51D4D /* GuidomiaTests.swift */,
			);
			path = GuidomiaTests;
			sourceTree = "<group>";
		};
		07F3C7482972DE2E00C51D4D /* GuidomiaUITests */ = {
			isa = PBXGroup;
			children = (
				07F3C7492972DE2E00C51D4D /* GuidomiaUITests.swift */,
				07F3C74B2972DE2E00C51D4D /* GuidomiaUITestsLaunchTests.swift */,
			);
			path = GuidomiaUITests;
			sourceTree = "<group>";
		};
		07F3C7582972E7FA00C51D4D /* views */ = {
			isa = PBXGroup;
			children = (
				07C9D832297358EA00651A9C /* bullet */,
				07F3C7592972E80100C51D4D /* cells */,
			);
			path = views;
			sourceTree = "<group>";
		};
		07F3C7592972E80100C51D4D /* cells */ = {
			isa = PBXGroup;
			children = (
				0772D8BD297438FE00E26F99 /* filter */,
				07F3C7642972F3C300C51D4D /* thumbnail */,
				07F3C7632972F3A400C51D4D /* car */,
			);
			path = cells;
			sourceTree = "<group>";
		};
		07F3C75E2972EC2D00C51D4D /* extensions */ = {
			isa = PBXGroup;
			children = (
				07F3C75F2972EC4200C51D4D /* UITableViewCell+Extension.swift */,
				07F3C7612972ED1400C51D4D /* UITableView+extension.swift */,
				07C9D8242973229200651A9C /* UIColor+extensions.swift */,
			);
			path = extensions;
			sourceTree = "<group>";
		};
		07F3C7632972F3A400C51D4D /* car */ = {
			isa = PBXGroup;
			children = (
				07F3C7652972F3EC00C51D4D /* CarTableCell.swift */,
				07F3C7662972F3EC00C51D4D /* CarTableCell.xib */,
			);
			path = car;
			sourceTree = "<group>";
		};
		07F3C7642972F3C300C51D4D /* thumbnail */ = {
			isa = PBXGroup;
			children = (
				07F3C75A2972E84700C51D4D /* ThumbnailTableCell.swift */,
				07F3C75B2972E84700C51D4D /* ThumbnailTableCell.xib */,
			);
			path = thumbnail;
			sourceTree = "<group>";
		};
/* End PBXGroup section */

/* Begin PBXNativeTarget section */
		07F3C7242972DE2B00C51D4D /* Guidomia */ = {
			isa = PBXNativeTarget;
			buildConfigurationList = 07F3C74F2972DE2E00C51D4D /* Build configuration list for PBXNativeTarget "Guidomia" */;
			buildPhases = (
				07F3C7212972DE2B00C51D4D /* Sources */,
				07F3C7222972DE2B00C51D4D /* Frameworks */,
				07F3C7232972DE2B00C51D4D /* Resources */,
			);
			buildRules = (
			);
			dependencies = (
			);
			name = Guidomia;
			packageProductDependencies = (
				0772D8C729757EDC00E26F99 /* RealmSwift */,
			);
			productName = Guidomia;
			productReference = 07F3C7252972DE2B00C51D4D /* Guidomia.app */;
			productType = "com.apple.product-type.application";
		};
		07F3C73A2972DE2D00C51D4D /* GuidomiaTests */ = {
			isa = PBXNativeTarget;
			buildConfigurationList = 07F3C7522972DE2E00C51D4D /* Build configuration list for PBXNativeTarget "GuidomiaTests" */;
			buildPhases = (
				07F3C7372972DE2D00C51D4D /* Sources */,
				07F3C7382972DE2D00C51D4D /* Frameworks */,
				07F3C7392972DE2D00C51D4D /* Resources */,
			);
			buildRules = (
			);
			dependencies = (
				07F3C73D2972DE2D00C51D4D /* PBXTargetDependency */,
			);
			name = GuidomiaTests;
			productName = GuidomiaTests;
			productReference = 07F3C73B2972DE2D00C51D4D /* GuidomiaTests.xctest */;
			productType = "com.apple.product-type.bundle.unit-test";
		};
		07F3C7442972DE2D00C51D4D /* GuidomiaUITests */ = {
			isa = PBXNativeTarget;
			buildConfigurationList = 07F3C7552972DE2E00C51D4D /* Build configuration list for PBXNativeTarget "GuidomiaUITests" */;
			buildPhases = (
				07F3C7412972DE2D00C51D4D /* Sources */,
				07F3C7422972DE2D00C51D4D /* Frameworks */,
				07F3C7432972DE2D00C51D4D /* Resources */,
			);
			buildRules = (
			);
			dependencies = (
				07F3C7472972DE2D00C51D4D /* PBXTargetDependency */,
			);
			name = GuidomiaUITests;
			productName = GuidomiaUITests;
			productReference = 07F3C7452972DE2D00C51D4D /* GuidomiaUITests.xctest */;
			productType = "com.apple.product-type.bundle.ui-testing";
		};
/* End PBXNativeTarget section */

/* Begin PBXProject section */
		07F3C71D2972DE2B00C51D4D /* Project object */ = {
			isa = PBXProject;
			attributes = {
				BuildIndependentTargetsInParallel = 1;
				LastSwiftUpdateCheck = 1420;
				LastUpgradeCheck = 1420;
				TargetAttributes = {
					07F3C7242972DE2B00C51D4D = {
						CreatedOnToolsVersion = 14.2;
					};
					07F3C73A2972DE2D00C51D4D = {
						CreatedOnToolsVersion = 14.2;
						TestTargetID = 07F3C7242972DE2B00C51D4D;
					};
					07F3C7442972DE2D00C51D4D = {
						CreatedOnToolsVersion = 14.2;
						TestTargetID = 07F3C7242972DE2B00C51D4D;
					};
				};
			};
			buildConfigurationList = 07F3C7202972DE2B00C51D4D /* Build configuration list for PBXProject "Guidomia" */;
			compatibilityVersion = "Xcode 14.0";
			developmentRegion = en;
			hasScannedForEncodings = 0;
			knownRegions = (
				en,
				Base,
			);
			mainGroup = 07F3C71C2972DE2B00C51D4D;
			packageReferences = (
				0772D8C629757EDC00E26F99 /* XCRemoteSwiftPackageReference "realm-swift" */,
			);
			productRefGroup = 07F3C7262972DE2B00C51D4D /* Products */;
			projectDirPath = "";
			projectRoot = "";
			targets = (
				07F3C7242972DE2B00C51D4D /* Guidomia */,
				07F3C73A2972DE2D00C51D4D /* GuidomiaTests */,
				07F3C7442972DE2D00C51D4D /* GuidomiaUITests */,
			);
		};
/* End PBXProject section */

/* Begin PBXResourcesBuildPhase section */
		07F3C7232972DE2B00C51D4D /* Resources */ = {
			isa = PBXResourcesBuildPhase;
			buildActionMask = 2147483647;
			files = (
				07F3C7352972DE2D00C51D4D /* LaunchScreen.storyboard in Resources */,
				07F3C7682972F3EC00C51D4D /* CarTableCell.xib in Resources */,
				07F3C7322972DE2D00C51D4D /* Assets.xcassets in Resources */,
				07F3C7302972DE2B00C51D4D /* Main.storyboard in Resources */,
				07C9D82929732E8900651A9C /* car_list.json in Resources */,
				0772D8C12974391600E26F99 /* FilterCell.xib in Resources */,
				07F3C75D2972E84700C51D4D /* ThumbnailTableCell.xib in Resources */,
				07C9D8362973591B00651A9C /* BulletView.xib in Resources */,
			);
			runOnlyForDeploymentPostprocessing = 0;
		};
		07F3C7392972DE2D00C51D4D /* Resources */ = {
			isa = PBXResourcesBuildPhase;
			buildActionMask = 2147483647;
			files = (
			);
			runOnlyForDeploymentPostprocessing = 0;
		};
		07F3C7432972DE2D00C51D4D /* Resources */ = {
			isa = PBXResourcesBuildPhase;
			buildActionMask = 2147483647;
			files = (
			);
			runOnlyForDeploymentPostprocessing = 0;
		};
/* End PBXResourcesBuildPhase section */

/* Begin PBXSourcesBuildPhase section */
		07F3C7212972DE2B00C51D4D /* Sources */ = {
			isa = PBXSourcesBuildPhase;
			buildActionMask = 2147483647;
			files = (
				07F3C7672972F3EC00C51D4D /* CarTableCell.swift in Sources */,
				07F3C72D2972DE2B00C51D4D /* CarsViewController.swift in Sources */,
				0772D8C329745B9000E26F99 /* FilterViewModel.swift in Sources */,
				07C9D8342973590B00651A9C /* BulletView.swift in Sources */,
				0772D8D2297584F400E26F99 /* Container.swift in Sources */,
				07F3C7602972EC4200C51D4D /* UITableViewCell+Extension.swift in Sources */,
				0772D8C529746D8500E26F99 /* CarScreenSection.swift in Sources */,
				0772D8C02974391600E26F99 /* FilterCell.swift in Sources */,
				07C9D82E29732FD800651A9C /* ServiceProtocol.swift in Sources */,
				07C9D8312973310500651A9C /* Car.swift in Sources */,
				0772D8CE2975835500E26F99 /* Persistable.swift in Sources */,
				07C9D82C29732F4C00651A9C /* CarService.swift in Sources */,
				07C9D8212972FA6400651A9C /* CarsViewModel.swift in Sources */,
				07F3C7292972DE2B00C51D4D /* AppDelegate.swift in Sources */,
				07F3C7622972ED1500C51D4D /* UITableView+extension.swift in Sources */,
				0772D8D0297584BC00E26F99 /* WriteTransaction.swift in Sources */,
				0772D8CB2975805A00E26F99 /* CarEntity.swift in Sources */,
				07F3C72B2972DE2B00C51D4D /* SceneDelegate.swift in Sources */,
				07C9D8252973229200651A9C /* UIColor+extensions.swift in Sources */,
				07C9D8232972FAB400651A9C /* CarViewModel.swift in Sources */,
				07F3C75C2972E84700C51D4D /* ThumbnailTableCell.swift in Sources */,
			);
			runOnlyForDeploymentPostprocessing = 0;
		};
		07F3C7372972DE2D00C51D4D /* Sources */ = {
			isa = PBXSourcesBuildPhase;
			buildActionMask = 2147483647;
			files = (
				07F3C7402972DE2D00C51D4D /* GuidomiaTests.swift in Sources */,
			);
			runOnlyForDeploymentPostprocessing = 0;
		};
		07F3C7412972DE2D00C51D4D /* Sources */ = {
			isa = PBXSourcesBuildPhase;
			buildActionMask = 2147483647;
			files = (
				07F3C74C2972DE2E00C51D4D /* GuidomiaUITestsLaunchTests.swift in Sources */,
				07F3C74A2972DE2E00C51D4D /* GuidomiaUITests.swift in Sources */,
			);
			runOnlyForDeploymentPostprocessing = 0;
		};
/* End PBXSourcesBuildPhase section */

/* Begin PBXTargetDependency section */
		07F3C73D2972DE2D00C51D4D /* PBXTargetDependency */ = {
			isa = PBXTargetDependency;
			target = 07F3C7242972DE2B00C51D4D /* Guidomia */;
			targetProxy = 07F3C73C2972DE2D00C51D4D /* PBXContainerItemProxy */;
		};
		07F3C7472972DE2D00C51D4D /* PBXTargetDependency */ = {
			isa = PBXTargetDependency;
			target = 07F3C7242972DE2B00C51D4D /* Guidomia */;
			targetProxy = 07F3C7462972DE2D00C51D4D /* PBXContainerItemProxy */;
		};
/* End PBXTargetDependency section */

/* Begin PBXVariantGroup section */
		07F3C72E2972DE2B00C51D4D /* Main.storyboard */ = {
			isa = PBXVariantGroup;
			children = (
				07F3C72F2972DE2B00C51D4D /* Base */,
			);
			name = Main.storyboard;
			sourceTree = "<group>";
		};
		07F3C7332972DE2D00C51D4D /* LaunchScreen.storyboard */ = {
			isa = PBXVariantGroup;
			children = (
				07F3C7342972DE2D00C51D4D /* Base */,
			);
			name = LaunchScreen.storyboard;
			sourceTree = "<group>";
		};
/* End PBXVariantGroup section */

/* Begin XCBuildConfiguration section */
		07F3C74D2972DE2E00C51D4D /* Debug */ = {
			isa = XCBuildConfiguration;
			buildSettings = {
				ALWAYS_SEARCH_USER_PATHS = NO;
				CLANG_ANALYZER_NONNULL = YES;
				CLANG_ANALYZER_NUMBER_OBJECT_CONVERSION = YES_AGGRESSIVE;
				CLANG_CXX_LANGUAGE_STANDARD = "gnu++20";
				CLANG_ENABLE_MODULES = YES;
				CLANG_ENABLE_OBJC_ARC = YES;
				CLANG_ENABLE_OBJC_WEAK = YES;
				CLANG_WARN_BLOCK_CAPTURE_AUTORELEASING = YES;
				CLANG_WARN_BOOL_CONVERSION = YES;
				CLANG_WARN_COMMA = YES;
				CLANG_WARN_CONSTANT_CONVERSION = YES;
				CLANG_WARN_DEPRECATED_OBJC_IMPLEMENTATIONS = YES;
				CLANG_WARN_DIRECT_OBJC_ISA_USAGE = YES_ERROR;
				CLANG_WARN_DOCUMENTATION_COMMENTS = YES;
				CLANG_WARN_EMPTY_BODY = YES;
				CLANG_WARN_ENUM_CONVERSION = YES;
				CLANG_WARN_INFINITE_RECURSION = YES;
				CLANG_WARN_INT_CONVERSION = YES;
				CLANG_WARN_NON_LITERAL_NULL_CONVERSION = YES;
				CLANG_WARN_OBJC_IMPLICIT_RETAIN_SELF = YES;
				CLANG_WARN_OBJC_LITERAL_CONVERSION = YES;
				CLANG_WARN_OBJC_ROOT_CLASS = YES_ERROR;
				CLANG_WARN_QUOTED_INCLUDE_IN_FRAMEWORK_HEADER = YES;
				CLANG_WARN_RANGE_LOOP_ANALYSIS = YES;
				CLANG_WARN_STRICT_PROTOTYPES = YES;
				CLANG_WARN_SUSPICIOUS_MOVE = YES;
				CLANG_WARN_UNGUARDED_AVAILABILITY = YES_AGGRESSIVE;
				CLANG_WARN_UNREACHABLE_CODE = YES;
				CLANG_WARN__DUPLICATE_METHOD_MATCH = YES;
				COPY_PHASE_STRIP = NO;
				DEBUG_INFORMATION_FORMAT = dwarf;
				ENABLE_STRICT_OBJC_MSGSEND = YES;
				ENABLE_TESTABILITY = YES;
				GCC_C_LANGUAGE_STANDARD = gnu11;
				GCC_DYNAMIC_NO_PIC = NO;
				GCC_NO_COMMON_BLOCKS = YES;
				GCC_OPTIMIZATION_LEVEL = 0;
				GCC_PREPROCESSOR_DEFINITIONS = (
					"DEBUG=1",
					"$(inherited)",
				);
				GCC_WARN_64_TO_32_BIT_CONVERSION = YES;
				GCC_WARN_ABOUT_RETURN_TYPE = YES_ERROR;
				GCC_WARN_UNDECLARED_SELECTOR = YES;
				GCC_WARN_UNINITIALIZED_AUTOS = YES_AGGRESSIVE;
				GCC_WARN_UNUSED_FUNCTION = YES;
				GCC_WARN_UNUSED_VARIABLE = YES;
				IPHONEOS_DEPLOYMENT_TARGET = 16.2;
				MTL_ENABLE_DEBUG_INFO = INCLUDE_SOURCE;
				MTL_FAST_MATH = YES;
				ONLY_ACTIVE_ARCH = YES;
				SDKROOT = iphoneos;
				SWIFT_ACTIVE_COMPILATION_CONDITIONS = DEBUG;
				SWIFT_OPTIMIZATION_LEVEL = "-Onone";
			};
			name = Debug;
		};
		07F3C74E2972DE2E00C51D4D /* Release */ = {
			isa = XCBuildConfiguration;
			buildSettings = {
				ALWAYS_SEARCH_USER_PATHS = NO;
				CLANG_ANALYZER_NONNULL = YES;
				CLANG_ANALYZER_NUMBER_OBJECT_CONVERSION = YES_AGGRESSIVE;
				CLANG_CXX_LANGUAGE_STANDARD = "gnu++20";
				CLANG_ENABLE_MODULES = YES;
				CLANG_ENABLE_OBJC_ARC = YES;
				CLANG_ENABLE_OBJC_WEAK = YES;
				CLANG_WARN_BLOCK_CAPTURE_AUTORELEASING = YES;
				CLANG_WARN_BOOL_CONVERSION = YES;
				CLANG_WARN_COMMA = YES;
				CLANG_WARN_CONSTANT_CONVERSION = YES;
				CLANG_WARN_DEPRECATED_OBJC_IMPLEMENTATIONS = YES;
				CLANG_WARN_DIRECT_OBJC_ISA_USAGE = YES_ERROR;
				CLANG_WARN_DOCUMENTATION_COMMENTS = YES;
				CLANG_WARN_EMPTY_BODY = YES;
				CLANG_WARN_ENUM_CONVERSION = YES;
				CLANG_WARN_INFINITE_RECURSION = YES;
				CLANG_WARN_INT_CONVERSION = YES;
				CLANG_WARN_NON_LITERAL_NULL_CONVERSION = YES;
				CLANG_WARN_OBJC_IMPLICIT_RETAIN_SELF = YES;
				CLANG_WARN_OBJC_LITERAL_CONVERSION = YES;
				CLANG_WARN_OBJC_ROOT_CLASS = YES_ERROR;
				CLANG_WARN_QUOTED_INCLUDE_IN_FRAMEWORK_HEADER = YES;
				CLANG_WARN_RANGE_LOOP_ANALYSIS = YES;
				CLANG_WARN_STRICT_PROTOTYPES = YES;
				CLANG_WARN_SUSPICIOUS_MOVE = YES;
				CLANG_WARN_UNGUARDED_AVAILABILITY = YES_AGGRESSIVE;
				CLANG_WARN_UNREACHABLE_CODE = YES;
				CLANG_WARN__DUPLICATE_METHOD_MATCH = YES;
				COPY_PHASE_STRIP = NO;
				DEBUG_INFORMATION_FORMAT = "dwarf-with-dsym";
				ENABLE_NS_ASSERTIONS = NO;
				ENABLE_STRICT_OBJC_MSGSEND = YES;
				GCC_C_LANGUAGE_STANDARD = gnu11;
				GCC_NO_COMMON_BLOCKS = YES;
				GCC_WARN_64_TO_32_BIT_CONVERSION = YES;
				GCC_WARN_ABOUT_RETURN_TYPE = YES_ERROR;
				GCC_WARN_UNDECLARED_SELECTOR = YES;
				GCC_WARN_UNINITIALIZED_AUTOS = YES_AGGRESSIVE;
				GCC_WARN_UNUSED_FUNCTION = YES;
				GCC_WARN_UNUSED_VARIABLE = YES;
				IPHONEOS_DEPLOYMENT_TARGET = 16.2;
				MTL_ENABLE_DEBUG_INFO = NO;
				MTL_FAST_MATH = YES;
				SDKROOT = iphoneos;
				SWIFT_COMPILATION_MODE = wholemodule;
				SWIFT_OPTIMIZATION_LEVEL = "-O";
				VALIDATE_PRODUCT = YES;
			};
			name = Release;
		};
		07F3C7502972DE2E00C51D4D /* Debug */ = {
			isa = XCBuildConfiguration;
			buildSettings = {
				ASSETCATALOG_COMPILER_APPICON_NAME = AppIcon;
				ASSETCATALOG_COMPILER_GLOBAL_ACCENT_COLOR_NAME = AccentColor;
				CODE_SIGN_STYLE = Automatic;
				CURRENT_PROJECT_VERSION = 0;
				DEVELOPMENT_TEAM = 68LNT58WLB;
				GENERATE_INFOPLIST_FILE = YES;
				INFOPLIST_FILE = Guidomia/resources/Info.plist;
				INFOPLIST_KEY_CFBundleDisplayName = "Guidomia Test Assignment";
				INFOPLIST_KEY_UIApplicationSupportsIndirectInputEvents = YES;
				INFOPLIST_KEY_UILaunchStoryboardName = LaunchScreen;
				INFOPLIST_KEY_UIMainStoryboardFile = Main;
				INFOPLIST_KEY_UIRequiresFullScreen = NO;
				INFOPLIST_KEY_UISupportedInterfaceOrientations_iPad = "UIInterfaceOrientationPortrait UIInterfaceOrientationPortraitUpsideDown UIInterfaceOrientationLandscapeLeft UIInterfaceOrientationLandscapeRight";
				INFOPLIST_KEY_UISupportedInterfaceOrientations_iPhone = "UIInterfaceOrientationPortrait UIInterfaceOrientationLandscapeLeft UIInterfaceOrientationLandscapeRight";
				IPHONEOS_DEPLOYMENT_TARGET = 14.0;
				LD_RUNPATH_SEARCH_PATHS = (
					"$(inherited)",
					"@executable_path/Frameworks",
				);
				MARKETING_VERSION = 1.0.0;
				PRODUCT_BUNDLE_IDENTIFIER = com.guidomia.test.assignment;
				PRODUCT_NAME = "$(TARGET_NAME)";
				SWIFT_EMIT_LOC_STRINGS = YES;
				SWIFT_VERSION = 5.0;
				TARGETED_DEVICE_FAMILY = "1,2";
			};
			name = Debug;
		};
		07F3C7512972DE2E00C51D4D /* Release */ = {
			isa = XCBuildConfiguration;
			buildSettings = {
				ASSETCATALOG_COMPILER_APPICON_NAME = AppIcon;
				ASSETCATALOG_COMPILER_GLOBAL_ACCENT_COLOR_NAME = AccentColor;
				CODE_SIGN_STYLE = Automatic;
				CURRENT_PROJECT_VERSION = 0;
				DEVELOPMENT_TEAM = 68LNT58WLB;
				GENERATE_INFOPLIST_FILE = YES;
				INFOPLIST_FILE = Guidomia/resources/Info.plist;
				INFOPLIST_KEY_CFBundleDisplayName = "Guidomia Test Assignment";
				INFOPLIST_KEY_UIApplicationSupportsIndirectInputEvents = YES;
				INFOPLIST_KEY_UILaunchStoryboardName = LaunchScreen;
				INFOPLIST_KEY_UIMainStoryboardFile = Main;
				INFOPLIST_KEY_UIRequiresFullScreen = NO;
				INFOPLIST_KEY_UISupportedInterfaceOrientations_iPad = "UIInterfaceOrientationPortrait UIInterfaceOrientationPortraitUpsideDown UIInterfaceOrientationLandscapeLeft UIInterfaceOrientationLandscapeRight";
				INFOPLIST_KEY_UISupportedInterfaceOrientations_iPhone = "UIInterfaceOrientationPortrait UIInterfaceOrientationLandscapeLeft UIInterfaceOrientationLandscapeRight";
				IPHONEOS_DEPLOYMENT_TARGET = 14.0;
				LD_RUNPATH_SEARCH_PATHS = (
					"$(inherited)",
					"@executable_path/Frameworks",
				);
				MARKETING_VERSION = 1.0.0;
				PRODUCT_BUNDLE_IDENTIFIER = com.guidomia.test.assignment;
				PRODUCT_NAME = "$(TARGET_NAME)";
				SWIFT_EMIT_LOC_STRINGS = YES;
				SWIFT_VERSION = 5.0;
				TARGETED_DEVICE_FAMILY = "1,2";
			};
			name = Release;
		};
		07F3C7532972DE2E00C51D4D /* Debug */ = {
			isa = XCBuildConfiguration;
			buildSettings = {
				ALWAYS_EMBED_SWIFT_STANDARD_LIBRARIES = YES;
				BUNDLE_LOADER = "$(TEST_HOST)";
				CODE_SIGN_STYLE = Automatic;
				CURRENT_PROJECT_VERSION = 1;
				DEVELOPMENT_TEAM = 68LNT58WLB;
				GENERATE_INFOPLIST_FILE = YES;
				IPHONEOS_DEPLOYMENT_TARGET = 16.2;
				MARKETING_VERSION = 1.0;
				PRODUCT_BUNDLE_IDENTIFIER = com.guidomia.test.assignment.GuidomiaTests;
				PRODUCT_NAME = "$(TARGET_NAME)";
				SWIFT_EMIT_LOC_STRINGS = NO;
				SWIFT_VERSION = 5.0;
				TARGETED_DEVICE_FAMILY = "1,2";
				TEST_HOST = "$(BUILT_PRODUCTS_DIR)/Guidomia.app/$(BUNDLE_EXECUTABLE_FOLDER_PATH)/Guidomia";
			};
			name = Debug;
		};
		07F3C7542972DE2E00C51D4D /* Release */ = {
			isa = XCBuildConfiguration;
			buildSettings = {
				ALWAYS_EMBED_SWIFT_STANDARD_LIBRARIES = YES;
				BUNDLE_LOADER = "$(TEST_HOST)";
				CODE_SIGN_STYLE = Automatic;
				CURRENT_PROJECT_VERSION = 1;
				DEVELOPMENT_TEAM = 68LNT58WLB;
				GENERATE_INFOPLIST_FILE = YES;
				IPHONEOS_DEPLOYMENT_TARGET = 16.2;
				MARKETING_VERSION = 1.0;
				PRODUCT_BUNDLE_IDENTIFIER = com.guidomia.test.assignment.GuidomiaTests;
				PRODUCT_NAME = "$(TARGET_NAME)";
				SWIFT_EMIT_LOC_STRINGS = NO;
				SWIFT_VERSION = 5.0;
				TARGETED_DEVICE_FAMILY = "1,2";
				TEST_HOST = "$(BUILT_PRODUCTS_DIR)/Guidomia.app/$(BUNDLE_EXECUTABLE_FOLDER_PATH)/Guidomia";
			};
			name = Release;
		};
		07F3C7562972DE2E00C51D4D /* Debug */ = {
			isa = XCBuildConfiguration;
			buildSettings = {
				ALWAYS_EMBED_SWIFT_STANDARD_LIBRARIES = YES;
				CODE_SIGN_STYLE = Automatic;
				CURRENT_PROJECT_VERSION = 1;
				DEVELOPMENT_TEAM = 68LNT58WLB;
				GENERATE_INFOPLIST_FILE = YES;
				MARKETING_VERSION = 1.0;
				PRODUCT_BUNDLE_IDENTIFIER = com.guidomia.test.assignment.GuidomiaUITests;
				PRODUCT_NAME = "$(TARGET_NAME)";
				SWIFT_EMIT_LOC_STRINGS = NO;
				SWIFT_VERSION = 5.0;
				TARGETED_DEVICE_FAMILY = "1,2";
				TEST_TARGET_NAME = Guidomia;
			};
			name = Debug;
		};
		07F3C7572972DE2E00C51D4D /* Release */ = {
			isa = XCBuildConfiguration;
			buildSettings = {
				ALWAYS_EMBED_SWIFT_STANDARD_LIBRARIES = YES;
				CODE_SIGN_STYLE = Automatic;
				CURRENT_PROJECT_VERSION = 1;
				DEVELOPMENT_TEAM = 68LNT58WLB;
				GENERATE_INFOPLIST_FILE = YES;
				MARKETING_VERSION = 1.0;
				PRODUCT_BUNDLE_IDENTIFIER = com.guidomia.test.assignment.GuidomiaUITests;
				PRODUCT_NAME = "$(TARGET_NAME)";
				SWIFT_EMIT_LOC_STRINGS = NO;
				SWIFT_VERSION = 5.0;
				TARGETED_DEVICE_FAMILY = "1,2";
				TEST_TARGET_NAME = Guidomia;
			};
			name = Release;
		};
/* End XCBuildConfiguration section */

/* Begin XCConfigurationList section */
		07F3C7202972DE2B00C51D4D /* Build configuration list for PBXProject "Guidomia" */ = {
			isa = XCConfigurationList;
			buildConfigurations = (
				07F3C74D2972DE2E00C51D4D /* Debug */,
				07F3C74E2972DE2E00C51D4D /* Release */,
			);
			defaultConfigurationIsVisible = 0;
			defaultConfigurationName = Release;
		};
		07F3C74F2972DE2E00C51D4D /* Build configuration list for PBXNativeTarget "Guidomia" */ = {
			isa = XCConfigurationList;
			buildConfigurations = (
				07F3C7502972DE2E00C51D4D /* Debug */,
				07F3C7512972DE2E00C51D4D /* Release */,
			);
			defaultConfigurationIsVisible = 0;
			defaultConfigurationName = Release;
		};
		07F3C7522972DE2E00C51D4D /* Build configuration list for PBXNativeTarget "GuidomiaTests" */ = {
			isa = XCConfigurationList;
			buildConfigurations = (
				07F3C7532972DE2E00C51D4D /* Debug */,
				07F3C7542972DE2E00C51D4D /* Release */,
			);
			defaultConfigurationIsVisible = 0;
			defaultConfigurationName = Release;
		};
		07F3C7552972DE2E00C51D4D /* Build configuration list for PBXNativeTarget "GuidomiaUITests" */ = {
			isa = XCConfigurationList;
			buildConfigurations = (
				07F3C7562972DE2E00C51D4D /* Debug */,
				07F3C7572972DE2E00C51D4D /* Release */,
			);
			defaultConfigurationIsVisible = 0;
			defaultConfigurationName = Release;
		};
/* End XCConfigurationList section */

/* Begin XCRemoteSwiftPackageReference section */
		0772D8C629757EDC00E26F99 /* XCRemoteSwiftPackageReference "realm-swift" */ = {
			isa = XCRemoteSwiftPackageReference;
			repositoryURL = "https://github.com/realm/realm-swift.git";
			requirement = {
				kind = exactVersion;
				version = 10.34.0;
			};
		};
/* End XCRemoteSwiftPackageReference section */

/* Begin XCSwiftPackageProductDependency section */
		0772D8C729757EDC00E26F99 /* RealmSwift */ = {
			isa = XCSwiftPackageProductDependency;
			package = 0772D8C629757EDC00E26F99 /* XCRemoteSwiftPackageReference "realm-swift" */;
			productName = RealmSwift;
		};
/* End XCSwiftPackageProductDependency section */
	};
	rootObject = 07F3C71D2972DE2B00C51D4D /* Project object */;
}
